# @generated by Move, please check-in and do not edit manually.

[move]
version = 3
manifest_digest = "9D608C34BECF1AD7DF04C4E74810E2489E2A10E535DC871BF245BD0A76779A86"
deps_digest = "F8BBB0CCB2491CA29A3DF03D6F92277A4F3574266507ACD77214D37ECA3F3082"
dependencies = [
  { id = "Sui", name = "Sui" },
]

[[move.package]]
id = "MoveStdlib"
source = { git = "https://github.com/MystenLabs/sui.git", rev = "framework/mainnet", subdir = "crates/sui-framework/packages/move-stdlib" }

[[move.package]]
id = "Sui"
source = { git = "https://github.com/MystenLabs/sui.git", rev = "framework/mainnet", subdir = "crates/sui-framework/packages/sui-framework" }

dependencies = [
  { id = "MoveStdlib", name = "MoveStdlib" },
]

[move.toolchain-version]
compiler-version = "1.46.3"
edition = "2024.beta"
flavor = "sui"

[env]

[env.localnet]
chain-id = "03f89ae9"
original-published-id = "0x9382c22aa110567463a7b90b3f1051074c6b6207ef18d832defb778851618e4f"
latest-published-id = "0x9382c22aa110567463a7b90b3f1051074c6b6207ef18d832defb778851618e4f"
published-version = "1"
