# @generated by Move, please check-in and do not edit manually.

[move]
version = 3
manifest_digest = "9D608C34BECF1AD7DF04C4E74810E2489E2A10E535DC871BF245BD0A76779A86"
deps_digest = "F8BBB0CCB2491CA29A3DF03D6F92277A4F3574266507ACD77214D37ECA3F3082"
dependencies = [
  { id = "Sui", name = "Sui" },
]

[[move.package]]
id = "MoveStdlib"
source = { git = "https://github.com/MystenLabs/sui.git", rev = "framework/mainnet", subdir = "crates/sui-framework/packages/move-stdlib" }

[[move.package]]
id = "Sui"
source = { git = "https://github.com/MystenLabs/sui.git", rev = "framework/mainnet", subdir = "crates/sui-framework/packages/sui-framework" }

dependencies = [
  { id = "MoveStdlib", name = "MoveStdlib" },
]

[move.toolchain-version]
compiler-version = "1.46.3"
edition = "2024.beta"
flavor = "sui"

[env]

[env.localnet]
chain-id = "3c2e785d"
original-published-id = "0xe3224da3d5bd7e4d4f462e06237e105e2eb2cb559541292bcd893c3486aa97d7"
latest-published-id = "0xe3224da3d5bd7e4d4f462e06237e105e2eb2cb559541292bcd893c3486aa97d7"
published-version = "1"

[env.testnet]
chain-id = "4c78adac"
original-published-id = "0x6966df7a2fafd55520110b7b71594b16f6dd828af5ed6da5edf8b0637fb3fa05"
latest-published-id = "0x6966df7a2fafd55520110b7b71594b16f6dd828af5ed6da5edf8b0637fb3fa05"
published-version = "1"
