# @generated by Move, please check-in and do not edit manually.

[move]
version = 3
manifest_digest = "F0DF2D10284F5BF8407D3CD575FD858E5885A73C73091B5ECE68B23C811F5D63"
deps_digest = "F8BBB0CCB2491CA29A3DF03D6F92277A4F3574266507ACD77214D37ECA3F3082"
dependencies = [
  { id = "Sui", name = "Sui" },
]

[[move.package]]
id = "MoveStdlib"
source = { git = "https://github.com/MystenLabs/sui.git", rev = "framework/mainnet", subdir = "crates/sui-framework/packages/move-stdlib" }

[[move.package]]
id = "Sui"
source = { git = "https://github.com/MystenLabs/sui.git", rev = "framework/mainnet", subdir = "crates/sui-framework/packages/sui-framework" }

dependencies = [
  { id = "MoveStdlib", name = "MoveStdlib" },
]

[move.toolchain-version]
compiler-version = "1.46.3"
edition = "2024.alpha"
flavor = "sui"

[env]

[env.localnet]
chain-id = "6b576e82"
original-published-id = "0x9678527c32d02b05d8e99396e00d06b181394d17ce51e21f4d724af9956a8a72"
latest-published-id = "0x9678527c32d02b05d8e99396e00d06b181394d17ce51e21f4d724af9956a8a72"
published-version = "1"
