# @generated by Move, please check-in and do not edit manually.

[move]
version = 3
manifest_digest = "D7F5E45D0BE624CFD68279088953A9075385C1D1FBEDC9B77B62CFD0E1D0BB9B"
deps_digest = "3C4103934B1E040BB6B23F1D610B4EF9F2F1166A50A104EADCF77467C004C600"
dependencies = [
  { id = "Math", name = "Math" },
  { id = "Sui", name = "Sui" },
]

[[move.package]]
id = "Math"
source = { local = "../libs/math" }

dependencies = [
  { id = "Sui", name = "Sui" },
]

[[move.package]]
id = "MoveStdlib"
source = { git = "https://github.com/MystenLabs/sui.git", rev = "framework/mainnet", subdir = "crates/sui-framework/packages/move-stdlib" }

[[move.package]]
id = "Sui"
source = { git = "https://github.com/MystenLabs/sui.git", rev = "framework/mainnet", subdir = "crates/sui-framework/packages/sui-framework" }

dependencies = [
  { id = "MoveStdlib", name = "MoveStdlib" },
]

[move.toolchain-version]
compiler-version = "1.46.3"
edition = "2024.alpha"
flavor = "sui"

[env]

[env.localnet]
chain-id = "03f89ae9"
original-published-id = "0x3d18a6a82635e9e733e98086b496e1e047f22f596870d95651c5a09099889f75"
latest-published-id = "0x3d18a6a82635e9e733e98086b496e1e047f22f596870d95651c5a09099889f75"
published-version = "1"
