# @generated by Move, please check-in and do not edit manually.

[move]
version = 3
manifest_digest = "D7F5E45D0BE624CFD68279088953A9075385C1D1FBEDC9B77B62CFD0E1D0BB9B"
deps_digest = "3C4103934B1E040BB6B23F1D610B4EF9F2F1166A50A104EADCF77467C004C600"
dependencies = [
  { id = "Math", name = "Math" },
  { id = "Sui", name = "Sui" },
]

[[move.package]]
id = "Math"
source = { local = "../libs/math" }

dependencies = [
  { id = "Sui", name = "Sui" },
]

[[move.package]]
id = "MoveStdlib"
source = { git = "https://github.com/MystenLabs/sui.git", rev = "framework/mainnet", subdir = "crates/sui-framework/packages/move-stdlib" }

[[move.package]]
id = "Sui"
source = { git = "https://github.com/MystenLabs/sui.git", rev = "framework/mainnet", subdir = "crates/sui-framework/packages/sui-framework" }

dependencies = [
  { id = "MoveStdlib", name = "MoveStdlib" },
]

[move.toolchain-version]
compiler-version = "1.48.0"
edition = "2024.alpha"
flavor = "sui"

[env]

[env.localnet]
chain-id = "3c2e785d"
original-published-id = "0x5a9904b58d7e2827d7ecc8ffd28ae2d4790b5e9b65cce1f47c4bc9aa780480ec"
latest-published-id = "0x5a9904b58d7e2827d7ecc8ffd28ae2d4790b5e9b65cce1f47c4bc9aa780480ec"
published-version = "1"

[env.testnet]
chain-id = "4c78adac"
original-published-id = "0x8abd132309912a78e47bb8669bf2828a8a15b210dd9ba5ca4ffeb50886d6929c"
latest-published-id = "0x7c6fe4594c96cf1b967312706168bfbce8193af23f6faaa7bb2c8daec5cb6351"
published-version = "2"
