# @generated by Move, please check-in and do not edit manually.

[move]
version = 3
manifest_digest = "D7F5E45D0BE624CFD68279088953A9075385C1D1FBEDC9B77B62CFD0E1D0BB9B"
deps_digest = "3C4103934B1E040BB6B23F1D610B4EF9F2F1166A50A104EADCF77467C004C600"
dependencies = [
  { id = "Math", name = "Math" },
  { id = "Sui", name = "Sui" },
]

[[move.package]]
id = "Math"
source = { local = "../libs/math" }

dependencies = [
  { id = "Sui", name = "Sui" },
]

[[move.package]]
id = "MoveStdlib"
source = { git = "https://github.com/MystenLabs/sui.git", rev = "framework/mainnet", subdir = "crates/sui-framework/packages/move-stdlib" }

[[move.package]]
id = "Sui"
source = { git = "https://github.com/MystenLabs/sui.git", rev = "framework/mainnet", subdir = "crates/sui-framework/packages/sui-framework" }

dependencies = [
  { id = "MoveStdlib", name = "MoveStdlib" },
]

[move.toolchain-version]
compiler-version = "1.48.0"
edition = "2024.alpha"
flavor = "sui"

[env]

[env.localnet]
chain-id = "d9bce0c0"
original-published-id = "0xa065f3bf65ed81a4016ca9b8f2761f79ea70911dcebff37d601b0b4deca469f0"
latest-published-id = "0xa065f3bf65ed81a4016ca9b8f2761f79ea70911dcebff37d601b0b4deca469f0"
published-version = "1"

[env.testnet]
chain-id = "4c78adac"
original-published-id = "0x09c23dc75590103509b266b5f54fa38e73313b5ec9ddba480951efd9c70bec00"
latest-published-id = "0x09c23dc75590103509b266b5f54fa38e73313b5ec9ddba480951efd9c70bec00"
published-version = "1"
