# @generated by Move, please check-in and do not edit manually.

[move]
version = 3
manifest_digest = "8724C55AA05ADC6ED385AF8579CB025B7E9A9034C3806B533CC06851DF0D7791"
deps_digest = "F9B494B64F0615AED0E98FC12A85B85ECD2BC5185C22D30E7F67786BB52E507C"
dependencies = [
  { id = "Bridge", name = "Bridge" },
  { id = "MoveStdlib", name = "MoveStdlib" },
  { id = "Sui", name = "Sui" },
  { id = "SuiSystem", name = "SuiSystem" },
]

[[move.package]]
id = "Bridge"
source = { git = "https://github.com/MystenLabs/sui.git", rev = "e54b798790ed", subdir = "crates/sui-framework/packages/bridge" }

dependencies = [
  { id = "MoveStdlib", name = "MoveStdlib" },
  { id = "Sui", name = "Sui" },
  { id = "SuiSystem", name = "SuiSystem" },
]

[[move.package]]
id = "MoveStdlib"
source = { git = "https://github.com/MystenLabs/sui.git", rev = "e54b798790ed", subdir = "crates/sui-framework/packages/move-stdlib" }

[[move.package]]
id = "Sui"
source = { git = "https://github.com/MystenLabs/sui.git", rev = "e54b798790ed", subdir = "crates/sui-framework/packages/sui-framework" }

dependencies = [
  { id = "MoveStdlib", name = "MoveStdlib" },
]

[[move.package]]
id = "SuiSystem"
source = { git = "https://github.com/MystenLabs/sui.git", rev = "e54b798790ed", subdir = "crates/sui-framework/packages/sui-system" }

dependencies = [
  { id = "MoveStdlib", name = "MoveStdlib" },
  { id = "Sui", name = "Sui" },
]

[move.toolchain-version]
compiler-version = "1.48.0"
edition = "2024.beta"
flavor = "sui"

[env]

[env.localnet]
chain-id = "d9bce0c0"
original-published-id = "0x0f82ba205f60dbf59f973d2ddc0a383e952d76e304839e4c7a72086f71ad0845"
latest-published-id = "0x0f82ba205f60dbf59f973d2ddc0a383e952d76e304839e4c7a72086f71ad0845"
published-version = "1"

[env.testnet]
chain-id = "4c78adac"
original-published-id = "0xc51004215439bd6a6acd47e5fd128b264203cba1059afd5374341e5d850326fc"
latest-published-id = "0xc51004215439bd6a6acd47e5fd128b264203cba1059afd5374341e5d850326fc"
published-version = "1"
